{
  "lockfileVersion": 1,
  "workspaces": {
    "": {
      "dependencies": {
        "typescript": "^5.9.2",
      },
      "devDependencies": {
        "@types/firefox-webext-browser": "^120.0.4",
      },
    },
  },
  "packages": {
    "@types/firefox-webext-browser": ["@types/firefox-webext-browser@120.0.4", "", {}, "sha512-lBrpf08xhiZBigrtdQfUaqX1UauwZ+skbFiL8u2Tdra/rklkKadYmIzTwkNZSWtuZ7OKpFqbE2HHfDoFqvZf6w=="],

    "typescript": ["typescript@5.9.2", "", { "bin": { "tsc": "bin/tsc", "tsserver": "bin/tsserver" } }, "sha512-CWBzXQrc/qOkhidw1OzBTQuYRbfyxDXJMVJ1XNwUHGROVmuaeiEm3OslpZ1RV96d7SKKjZKrSJu3+t/xlw3R9A=="],
  }
}
